# This file is automatically @generated by Cargo.
# It is not intended for manual editing.
version = 4

[[package]]
name = "xriq-core"
version = "0.1.0"

[[package]]
name = "xriq-ledger"
version = "0.1.0"
dependencies = [
 "xriq-core",
]

[[package]]
name = "xriq-mempool"
version = "0.1.0"
dependencies = [
 "xriq-core",
]
